{
  "name": "nativescript-flashlight",
  "version": "2.0.0",
  "lockfileVersion": 1,
  "requires": true,
  "dependencies": {
    "tns-core-modules": {
      "version": "5.0.5",
      "resolved": "https://registry.npmjs.org/tns-core-modules/-/tns-core-modules-5.0.5.tgz",
      "integrity": "sha512-AUwrn6TIhrTc88IO9X7SU4otT/dU84CPfHtAZHW+D05/alkkupfqrbHtQXjDH+TBkwiKbq48dBmI6OpM9Pablg==",
      "dev": true,
      "requires": {
        "tns-core-modules-widgets": "5.0.1",
        "tslib": "^1.9.3"
      }
    },
    "tns-core-modules-widgets": {
      "version": "5.0.1",
      "resolved": "https://registry.npmjs.org/tns-core-modules-widgets/-/tns-core-modules-widgets-5.0.1.tgz",
      "integrity": "sha512-zDml+PISblTkAQ+Xd4JcMHl/o5dpAn0B+R2fLtxWjNIhkNzNfz+FmfMtH7Js2wnwtLp+kC2ZNOQRVAzOBquxAQ==",
      "dev": true
    },
    "tns-platform-declarations": {
      "version": "5.0.5",
      "resolved": "https://registry.npmjs.org/tns-platform-declarations/-/tns-platform-declarations-5.0.5.tgz",
      "integrity": "sha512-paU+SgAPsDC3VH6YfvkQdfCzp24i+40sDz1L99AA2TCgqVnlrwgBxc25dhK18ai2gQR/ZqN3amYrexBnf4MUQQ==",
      "dev": true
    },
    "tslib": {
      "version": "1.9.3",
      "resolved": "https://registry.npmjs.org/tslib/-/tslib-1.9.3.tgz",
      "integrity": "sha512-4krF8scpejhaOgqzBEcGM7yDIEfi0/8+8zDRZhNZZ2kjmHJ4hv3zCbQWxoJGz1iw5U0Jl0nma13xzHXcncMavQ==",
      "dev": true
    }
  }
}
